
Microsoft Visual Studio Solution File, Format Version 12.00
# Visual Studio 2012
Project("{FAE04EC0-301F-11D3-BF4B-00C04F79EFBC}") = "TIYP", "TIYP\TIYP.csproj", "{100597AD-66FC-4FDC-B18E-1DB61D436C21}"
EndProject
Global
	GlobalSection(SolutionConfigurationPlatforms) = preSolution
		Debug|x86 = Debug|x86
		Release|x86 = Release|x86
	EndGlobalSection
	GlobalSection(ProjectConfigurationPlatforms) = postSolution
		{100597AD-66FC-4FDC-B18E-1DB61D436C21}.Debug|x86.ActiveCfg = Debug|x86
		{100597AD-66FC-4FDC-B18E-1DB61D436C21}.Debug|x86.Build.0 = Debug|x86
		{100597AD-66FC-4FDC-B18E-1DB61D436C21}.Release|x86.ActiveCfg = Release|x86
		{100597AD-66FC-4FDC-B18E-1DB61D436C21}.Release|x86.Build.0 = Release|x86
	EndGlobalSection
EndGlobal
